
Microsoft Visual Studio Solution File, Format Version 12.00
# Visual Studio 15
VisualStudioVersion = 15.0.26228.12
MinimumVisualStudioVersion = 10.0.40219.1
Project("{D954291E-2A0B-460D-934E-DC6B0785DB48}") = "GameShop", "GameShop\GameShop.shproj", "{617F6E30-A328-426B-9F51-BC98FD5CDF37}"
EndProject
Global
	GlobalSection(SharedMSBuildProjectFiles) = preSolution
		GameShop\GameShop.projitems*{617f6e30-a328-426b-9f51-bc98fd5cdf37}*SharedItemsImports = 13
	EndGlobalSection
	GlobalSection(SolutionProperties) = preSolution
		HideSolutionNode = FALSE
	EndGlobalSection
EndGlobal
